
Microsoft Visual Studio Solution File, Format Version 12.00
# Visual Studio Version 17
VisualStudioVersion = 17.7.34018.315
MinimumVisualStudioVersion = 10.0.40219.1
Project("{FAE04EC0-301F-11D3-BF4B-00C04F79EFBC}") = "Course-app", "Course-app\Course-app.csproj", "{DA2068A9-6E4E-4BCA-93C8-3745B84E620E}"
EndProject
Project("{FAE04EC0-301F-11D3-BF4B-00C04F79EFBC}") = "Domain", "Domain\Domain.csproj", "{4E059CAD-1CCD-40C3-882E-CC4FFB29ED65}"
EndProject
Project("{FAE04EC0-301F-11D3-BF4B-00C04F79EFBC}") = "Repository", "Repository\Repository.csproj", "{E6C5781F-E0DE-4804-86B4-39DFD48BA979}"
EndProject
Global
	GlobalSection(SolutionConfigurationPlatforms) = preSolution
		Debug|Any CPU = Debug|Any CPU
		Release|Any CPU = Release|Any CPU
	EndGlobalSection
	GlobalSection(ProjectConfigurationPlatforms) = postSolution
		{DA2068A9-6E4E-4BCA-93C8-3745B84E620E}.Debug|Any CPU.ActiveCfg = Debug|Any CPU
		{DA2068A9-6E4E-4BCA-93C8-3745B84E620E}.Debug|Any CPU.Build.0 = Debug|Any CPU
		{DA2068A9-6E4E-4BCA-93C8-3745B84E620E}.Release|Any CPU.ActiveCfg = Release|Any CPU
		{DA2068A9-6E4E-4BCA-93C8-3745B84E620E}.Release|Any CPU.Build.0 = Release|Any CPU
		{4E059CAD-1CCD-40C3-882E-CC4FFB29ED65}.Debug|Any CPU.ActiveCfg = Debug|Any CPU
		{4E059CAD-1CCD-40C3-882E-CC4FFB29ED65}.Debug|Any CPU.Build.0 = Debug|Any CPU
		{4E059CAD-1CCD-40C3-882E-CC4FFB29ED65}.Release|Any CPU.ActiveCfg = Release|Any CPU
		{4E059CAD-1CCD-40C3-882E-CC4FFB29ED65}.Release|Any CPU.Build.0 = Release|Any CPU
		{E6C5781F-E0DE-4804-86B4-39DFD48BA979}.Debug|Any CPU.ActiveCfg = Debug|Any CPU
		{E6C5781F-E0DE-4804-86B4-39DFD48BA979}.Debug|Any CPU.Build.0 = Debug|Any CPU
		{E6C5781F-E0DE-4804-86B4-39DFD48BA979}.Release|Any CPU.ActiveCfg = Release|Any CPU
		{E6C5781F-E0DE-4804-86B4-39DFD48BA979}.Release|Any CPU.Build.0 = Release|Any CPU
	EndGlobalSection
	GlobalSection(SolutionProperties) = preSolution
		HideSolutionNode = FALSE
	EndGlobalSection
	GlobalSection(ExtensibilityGlobals) = postSolution
		SolutionGuid = {91D08170-9710-42CC-80F7-C47E8243EBA3}
	EndGlobalSection
EndGlobal
